# This file is automatically @generated by Poetry 2.1.3 and should not be changed by hand.

[[package]]
name = "black"
version = "23.12.1"
description = "The uncompromising code formatter."
optional = false
python-versions = ">=3.8"
groups = ["formatting"]
files = [
    {file = "black-23.12.1-cp310-cp310-macosx_10_9_x86_64.whl", hash = "sha256:e0aaf6041986767a5e0ce663c7a2f0e9eaf21e6ff87a5f95cbf3675bfd4c41d2"},
    {file = "black-23.12.1-cp310-cp310-macosx_11_0_arm64.whl", hash = "sha256:c88b3711d12905b74206227109272673edce0cb29f27e1385f33b0163c414bba"},
    {file = "black-23.12.1-cp310-cp310-manylinux_2_17_x86_64.manylinux2014_x86_64.whl", hash = "sha256:a920b569dc6b3472513ba6ddea21f440d4b4c699494d2e972a1753cdc25df7b0"},
    {file = "black-23.12.1-cp310-cp310-win_amd64.whl", hash = "sha256:3fa4be75ef2a6b96ea8d92b1587dd8cb3a35c7e3d51f0738ced0781c3aa3a5a3"},
    {file = "black-23.12.1-cp311-cp311-macosx_10_9_x86_64.whl", hash = "sha256:8d4df77958a622f9b5a4c96edb4b8c0034f8434032ab11077ec6c56ae9f384ba"},
    {file = "black-23.12.1-cp311-cp311-macosx_11_0_arm64.whl", hash = "sha256:602cfb1196dc692424c70b6507593a2b29aac0547c1be9a1d1365f0d964c353b"},
    {file = "black-23.12.1-cp311-cp311-manylinux_2_17_x86_64.manylinux2014_x86_64.whl", hash = "sha256:9c4352800f14be5b4864016882cdba10755bd50805c95f728011bcb47a4afd59"},
    {file = "black-23.12.1-cp311-cp311-win_amd64.whl", hash = "sha256:0808494f2b2df923ffc5723ed3c7b096bd76341f6213989759287611e9837d50"},
    {file = "black-23.12.1-cp312-cp312-macosx_10_9_x86_64.whl", hash = "sha256:25e57fd232a6d6ff3f4478a6fd0580838e47c93c83eaf1ccc92d4faf27112c4e"},
    {file = "black-23.12.1-cp312-cp312-macosx_11_0_arm64.whl", hash = "sha256:2d9e13db441c509a3763a7a3d9a49ccc1b4e974a47be4e08ade2a228876500ec"},
    {file = "black-23.12.1-cp312-cp312-manylinux_2_17_x86_64.manylinux2014_x86_64.whl", hash = "sha256:6d1bd9c210f8b109b1762ec9fd36592fdd528485aadb3f5849b2740ef17e674e"},
    {file = "black-23.12.1-cp312-cp312-win_amd64.whl", hash = "sha256:ae76c22bde5cbb6bfd211ec343ded2163bba7883c7bc77f6b756a1049436fbb9"},
    {file = "black-23.12.1-cp38-cp38-macosx_10_9_x86_64.whl", hash = "sha256:1fa88a0f74e50e4487477bc0bb900c6781dbddfdfa32691e780bf854c3b4a47f"},
    {file = "black-23.12.1-cp38-cp38-macosx_11_0_arm64.whl", hash = "sha256:a4d6a9668e45ad99d2f8ec70d5c8c04ef4f32f648ef39048d010b0689832ec6d"},
    {file = "black-23.12.1-cp38-cp38-manylinux_2_17_x86_64.manylinux2014_x86_64.whl", hash = "sha256:b18fb2ae6c4bb63eebe5be6bd869ba2f14fd0259bda7d18a46b764d8fb86298a"},
    {file = "black-23.12.1-cp38-cp38-win_amd64.whl", hash = "sha256:c04b6d9d20e9c13f43eee8ea87d44156b8505ca8a3c878773f68b4e4812a421e"},
    {file = "black-23.12.1-cp39-cp39-macosx_10_9_x86_64.whl", hash = "sha256:3e1b38b3135fd4c025c28c55ddfc236b05af657828a8a6abe5deec419a0b7055"},
    {file = "black-23.12.1-cp39-cp39-macosx_11_0_arm64.whl", hash = "sha256:4f0031eaa7b921db76decd73636ef3a12c942ed367d8c3841a0739412b260a54"},
    {file = "black-23.12.1-cp39-cp39-manylinux_2_17_x86_64.manylinux2014_x86_64.whl", hash = "sha256:97e56155c6b737854e60a9ab1c598ff2533d57e7506d97af5481141671abf3ea"},
    {file = "black-23.12.1-cp39-cp39-win_amd64.whl", hash = "sha256:dd15245c8b68fe2b6bd0f32c1556509d11bb33aec9b5d0866dd8e2ed3dba09c2"},
    {file = "black-23.12.1-py3-none-any.whl", hash = "sha256:78baad24af0f033958cad29731e27363183e140962595def56423e626f4bee3e"},
    {file = "black-23.12.1.tar.gz", hash = "sha256:4ce3ef14ebe8d9509188014d96af1c456a910d5b5cbf434a09fef7e024b3d0d5"},
]

[package.dependencies]
click = ">=8.0.0"
mypy-extensions = ">=0.4.3"
packaging = ">=22.0"
pathspec = ">=0.9.0"
platformdirs = ">=2"

[package.extras]
colorama = ["colorama (>=0.4.3)"]
d = ["aiohttp (>=3.7.4) ; sys_platform != \"win32\" or implementation_name != \"pypy\"", "aiohttp (>=3.7.4,!=3.9.0) ; sys_platform == \"win32\" and implementation_name == \"pypy\""]
jupyter = ["ipython (>=7.8.0)", "tokenize-rt (>=3.2.0)"]
uvloop = ["uvloop (>=0.15.2)"]

[[package]]
name = "click"
version = "8.2.0"
description = "Composable command line interface toolkit"
optional = false
python-versions = ">=3.10"
groups = ["formatting"]
files = [
    {file = "click-8.2.0-py3-none-any.whl", hash = "sha256:6b303f0b2aa85f1cb4e5303078fadcbcd4e476f114fab9b5007005711839325c"},
    {file = "click-8.2.0.tar.gz", hash = "sha256:f5452aeddd9988eefa20f90f05ab66f17fce1ee2a36907fd30b05bbb5953814d"},
]

[package.dependencies]
colorama = {version = "*", markers = "platform_system == \"Windows\""}

[[package]]
name = "colorama"
version = "0.4.6"
description = "Cross-platform colored terminal text."
optional = false
python-versions = "!=3.0.*,!=3.1.*,!=3.2.*,!=3.3.*,!=3.4.*,!=3.5.*,!=3.6.*,>=2.7"
groups = ["main", "formatting"]
files = [
    {file = "colorama-0.4.6-py2.py3-none-any.whl", hash = "sha256:4f1d9991f5acc0ca119f9d443620b77f9d6b33703e51011c16baf57afb285fc6"},
    {file = "colorama-0.4.6.tar.gz", hash = "sha256:08695f5cb7ed6e0531a20572697297273c47b8cae5a63ffc6d6ed5c201be6e44"},
]
markers = {main = "sys_platform == \"win32\"", formatting = "platform_system == \"Windows\""}

[[package]]
name = "dnspython"
version = "2.7.0"
description = "DNS toolkit"
optional = false
python-versions = ">=3.9"
groups = ["main"]
files = [
    {file = "dnspython-2.7.0-py3-none-any.whl", hash = "sha256:b4c34b7d10b51bcc3a5071e7b8dee77939f1e878477eeecc965e9835f63c6c86"},
    {file = "dnspython-2.7.0.tar.gz", hash = "sha256:ce9c432eda0dc91cf618a5cedf1a4e142651196bbcd2c80e89ed5a907e5cfaf1"},
]

[package.extras]
dev = ["black (>=23.1.0)", "coverage (>=7.0)", "flake8 (>=7)", "hypercorn (>=0.16.0)", "mypy (>=1.8)", "pylint (>=3)", "pytest (>=7.4)", "pytest-cov (>=4.1.0)", "quart-trio (>=0.11.0)", "sphinx (>=7.2.0)", "sphinx-rtd-theme (>=2.0.0)", "twine (>=4.0.0)", "wheel (>=0.42.0)"]
dnssec = ["cryptography (>=43)"]
doh = ["h2 (>=4.1.0)", "httpcore (>=1.0.0)", "httpx (>=0.26.0)"]
doq = ["aioquic (>=1.0.0)"]
idna = ["idna (>=3.7)"]
trio = ["trio (>=0.23)"]
wmi = ["wmi (>=1.5.1)"]

[[package]]
name = "iniconfig"
version = "2.1.0"
description = "brain-dead simple config-ini parsing"
optional = false
python-versions = ">=3.8"
groups = ["main"]
files = [
    {file = "iniconfig-2.1.0-py3-none-any.whl", hash = "sha256:9deba5723312380e77435581c6bf4935c94cbfab9b1ed33ef8d238ea168eb760"},
    {file = "iniconfig-2.1.0.tar.gz", hash = "sha256:3abbd2e30b36733fee78f9c7f7308f2d0050e88f0087fd25c2645f63c773e1c7"},
]

[[package]]
name = "loguru"
version = "0.7.3"
description = "Python logging made (stupidly) simple"
optional = false
python-versions = "<4.0,>=3.5"
groups = ["main"]
files = [
    {file = "loguru-0.7.3-py3-none-any.whl", hash = "sha256:31a33c10c8e1e10422bfd431aeb5d351c7cf7fa671e3c4df004162264b28220c"},
    {file = "loguru-0.7.3.tar.gz", hash = "sha256:19480589e77d47b8d85b2c827ad95d49bf31b0dcde16593892eb51dd18706eb6"},
]

[package.dependencies]
colorama = {version = ">=0.3.4", markers = "sys_platform == \"win32\""}
win32-setctime = {version = ">=1.0.0", markers = "sys_platform == \"win32\""}

[package.extras]
dev = ["Sphinx (==8.1.3) ; python_version >= \"3.11\"", "build (==1.2.2) ; python_version >= \"3.11\"", "colorama (==0.4.5) ; python_version < \"3.8\"", "colorama (==0.4.6) ; python_version >= \"3.8\"", "exceptiongroup (==1.1.3) ; python_version >= \"3.7\" and python_version < \"3.11\"", "freezegun (==1.1.0) ; python_version < \"3.8\"", "freezegun (==1.5.0) ; python_version >= \"3.8\"", "mypy (==v0.910) ; python_version < \"3.6\"", "mypy (==v0.971) ; python_version == \"3.6\"", "mypy (==v1.13.0) ; python_version >= \"3.8\"", "mypy (==v1.4.1) ; python_version == \"3.7\"", "myst-parser (==4.0.0) ; python_version >= \"3.11\"", "pre-commit (==4.0.1) ; python_version >= \"3.9\"", "pytest (==6.1.2) ; python_version < \"3.8\"", "pytest (==8.3.2) ; python_version >= \"3.8\"", "pytest-cov (==2.12.1) ; python_version < \"3.8\"", "pytest-cov (==5.0.0) ; python_version == \"3.8\"", "pytest-cov (==6.0.0) ; python_version >= \"3.9\"", "pytest-mypy-plugins (==1.9.3) ; python_version >= \"3.6\" and python_version < \"3.8\"", "pytest-mypy-plugins (==3.1.0) ; python_version >= \"3.8\"", "sphinx-rtd-theme (==3.0.2) ; python_version >= \"3.11\"", "tox (==3.27.1) ; python_version < \"3.8\"", "tox (==4.23.2) ; python_version >= \"3.8\"", "twine (==6.0.1) ; python_version >= \"3.11\""]

[[package]]
name = "motor"
version = "3.7.1"
description = "Non-blocking MongoDB driver for Tornado or asyncio"
optional = false
python-versions = ">=3.9"
groups = ["main"]
files = [
    {file = "motor-3.7.1-py3-none-any.whl", hash = "sha256:8a63b9049e38eeeb56b4fdd57c3312a6d1f25d01db717fe7d82222393c410298"},
    {file = "motor-3.7.1.tar.gz", hash = "sha256:27b4d46625c87928f331a6ca9d7c51c2f518ba0e270939d395bc1ddc89d64526"},
]

[package.dependencies]
pymongo = ">=4.9,<5.0"

[package.extras]
aws = ["pymongo[aws] (>=4.5,<5)"]
docs = ["aiohttp", "furo (==2024.8.6)", "readthedocs-sphinx-search (>=0.3,<1.0)", "sphinx (>=5.3,<8)", "sphinx-rtd-theme (>=2,<3)", "tornado"]
encryption = ["pymongo[encryption] (>=4.5,<5)"]
gssapi = ["pymongo[gssapi] (>=4.5,<5)"]
ocsp = ["pymongo[ocsp] (>=4.5,<5)"]
snappy = ["pymongo[snappy] (>=4.5,<5)"]
test = ["aiohttp (>=3.8.7)", "cffi (>=1.17.0rc1) ; python_version == \"3.13\"", "mockupdb", "pymongo[encryption] (>=4.5,<5)", "pytest (>=7)", "pytest-asyncio", "tornado (>=5)"]
zstd = ["pymongo[zstd] (>=4.5,<5)"]

[[package]]
name = "mypy-extensions"
version = "1.1.0"
description = "Type system extensions for programs checked with the mypy type checker."
optional = false
python-versions = ">=3.8"
groups = ["formatting"]
files = [
    {file = "mypy_extensions-1.1.0-py3-none-any.whl", hash = "sha256:1be4cccdb0f2482337c4743e60421de3a356cd97508abadd57d47403e94f5505"},
    {file = "mypy_extensions-1.1.0.tar.gz", hash = "sha256:52e68efc3284861e772bbcd66823fde5ae21fd2fdb51c62a211403730b916558"},
]

[[package]]
name = "packaging"
version = "25.0"
description = "Core utilities for Python packages"
optional = false
python-versions = ">=3.8"
groups = ["main", "formatting"]
files = [
    {file = "packaging-25.0-py3-none-any.whl", hash = "sha256:29572ef2b1f17581046b3a2227d5c611fb25ec70ca1ba8554b24b0e69331a484"},
    {file = "packaging-25.0.tar.gz", hash = "sha256:d443872c98d677bf60f6a1f2f8c1cb748e8fe762d2bf9d3148b5599295b0fc4f"},
]

[[package]]
name = "pathspec"
version = "0.12.1"
description = "Utility library for gitignore style pattern matching of file paths."
optional = false
python-versions = ">=3.8"
groups = ["formatting"]
files = [
    {file = "pathspec-0.12.1-py3-none-any.whl", hash = "sha256:a0d503e138a4c123b27490a4f7beda6a01c6f288df0e4a8b79c7eb0dc7b4cc08"},
    {file = "pathspec-0.12.1.tar.gz", hash = "sha256:a482d51503a1ab33b1c67a6c3813a26953dbdc71c31dacaef9a838c4e29f5712"},
]

[[package]]
name = "platformdirs"
version = "4.3.8"
description = "A small Python package for determining appropriate platform-specific dirs, e.g. a `user data dir`."
optional = false
python-versions = ">=3.9"
groups = ["formatting"]
files = [
    {file = "platformdirs-4.3.8-py3-none-any.whl", hash = "sha256:ff7059bb7eb1179e2685604f4aaf157cfd9535242bd23742eadc3c13542139b4"},
    {file = "platformdirs-4.3.8.tar.gz", hash = "sha256:3d512d96e16bcb959a814c9f348431070822a6496326a4be0911c40b5a74c2bc"},
]

[package.extras]
docs = ["furo (>=2024.8.6)", "proselint (>=0.14)", "sphinx (>=8.1.3)", "sphinx-autodoc-typehints (>=3)"]
test = ["appdirs (==1.4.4)", "covdefaults (>=2.3)", "pytest (>=8.3.4)", "pytest-cov (>=6)", "pytest-mock (>=3.14)"]
type = ["mypy (>=1.14.1)"]

[[package]]
name = "pluggy"
version = "1.6.0"
description = "plugin and hook calling mechanisms for python"
optional = false
python-versions = ">=3.9"
groups = ["main"]
files = [
    {file = "pluggy-1.6.0-py3-none-any.whl", hash = "sha256:e920276dd6813095e9377c0bc5566d94c932c33b27a3e3945d8389c374dd4746"},
    {file = "pluggy-1.6.0.tar.gz", hash = "sha256:7dcc130b76258d33b90f61b658791dede3486c3e6bfb003ee5c9bfb396dd22f3"},
]

[package.extras]
dev = ["pre-commit", "tox"]
testing = ["coverage", "pytest", "pytest-benchmark"]

[[package]]
name = "pymongo"
version = "4.13.0"
description = "PyMongo - the Official MongoDB Python driver"
optional = false
python-versions = ">=3.9"
groups = ["main"]
files = [
    {file = "pymongo-4.13.0-cp310-cp310-macosx_10_9_x86_64.whl", hash = "sha256:fe497c885b08600a022646f00f4d3303697c5289990acec250e2be2e1699ca23"},
    {file = "pymongo-4.13.0-cp310-cp310-macosx_11_0_arm64.whl", hash = "sha256:2d377bb0811e0a9676bacb21a4f87ef307f2e9a40a625660c113a9c0ae897e8c"},
    {file = "pymongo-4.13.0-cp310-cp310-manylinux_2_17_aarch64.manylinux2014_aarch64.whl", hash = "sha256:1bac84ee40032bec4c089e92970893157fcd0ef40b81157404ceb4c1dac8ba72"},
    {file = "pymongo-4.13.0-cp310-cp310-manylinux_2_17_ppc64le.manylinux2014_ppc64le.whl", hash = "sha256:ea47a64ed9918be0fa8a4a11146a80f546c09e0d65fd08e90a5c00366a59bdb0"},
    {file = "pymongo-4.13.0-cp310-cp310-manylinux_2_17_s390x.manylinux2014_s390x.whl", hash = "sha256:8e90195cb5aee24a67a29adde54c1dae4d9744e17e4585bea3a83bfff96db46c"},
    {file = "pymongo-4.13.0-cp310-cp310-manylinux_2_17_x86_64.manylinux2014_x86_64.whl", hash = "sha256:e4a7855933011026898ea0d4532fbd83cef63a76205c823a4ef5557d970df1f1"},
    {file = "pymongo-4.13.0-cp310-cp310-manylinux_2_5_i686.manylinux1_i686.manylinux_2_17_i686.manylinux2014_i686.whl", hash = "sha256:f39791a88cd5ec1760f65e878af419747c6f94ce74f9293735cbba6025ff4d0d"},
    {file = "pymongo-4.13.0-cp310-cp310-win32.whl", hash = "sha256:209efd3b62cdbebd3cc7a76d5e37414ad08c9bfe8b28ae73695ade065d5b1277"},
    {file = "pymongo-4.13.0-cp310-cp310-win_amd64.whl", hash = "sha256:51081910a91e3451db74b7265ee290c72220412aa8897d6dfe28f6e5d80b685b"},
    {file = "pymongo-4.13.0-cp311-cp311-macosx_10_9_x86_64.whl", hash = "sha256:46c8bce9af98556110a950939f3eaa3f7648308d60df65feb783c780f8b9bfa9"},
    {file = "pymongo-4.13.0-cp311-cp311-macosx_11_0_arm64.whl", hash = "sha256:dc9e412911f210d9b0eca42d25c22d3725809dda03dedbaf6f9ffa192d461905"},
    {file = "pymongo-4.13.0-cp311-cp311-manylinux_2_17_aarch64.manylinux2014_aarch64.whl", hash = "sha256:b9288188101506a9d1aa3f70f65b7f5f499f8f7d5c23ec86a47551d756e32059"},
    {file = "pymongo-4.13.0-cp311-cp311-manylinux_2_17_ppc64le.manylinux2014_ppc64le.whl", hash = "sha256:5303e2074b85234e337ebe622d353ce38a35696cd47a7d970f84b545288aee01"},
    {file = "pymongo-4.13.0-cp311-cp311-manylinux_2_17_s390x.manylinux2014_s390x.whl", hash = "sha256:d842e11eb94f7074314ff1d97a05790539a1d74c3048ce50ea9f0da1f4f96b0a"},
    {file = "pymongo-4.13.0-cp311-cp311-manylinux_2_17_x86_64.manylinux2014_x86_64.whl", hash = "sha256:b63d9d8be87f4be11972c5a63d815974c298ada59a2e1d56ef5b6984d81c544a"},
    {file = "pymongo-4.13.0-cp311-cp311-manylinux_2_5_i686.manylinux1_i686.manylinux_2_17_i686.manylinux2014_i686.whl", hash = "sha256:c7d740560710be0c514bc9d26f5dcbb3c85dbb6b450c4c3246d8136ca84055bd"},
    {file = "pymongo-4.13.0-cp311-cp311-win32.whl", hash = "sha256:936f7be9ed6919e3be7369b858d1c58ebaa4f3ef231cf4860779b8ba3b4fcd11"},
    {file = "pymongo-4.13.0-cp311-cp311-win_amd64.whl", hash = "sha256:6a8f060f8ad139d1d45f75ef7aa0084bd7f714fc666f98ef00009efc7db34acd"},
    {file = "pymongo-4.13.0-cp312-cp312-macosx_10_13_x86_64.whl", hash = "sha256:007450b8c8d17b4e5b779ab6e1938983309eac26b5b8f0863c48effa4b151b07"},
    {file = "pymongo-4.13.0-cp312-cp312-macosx_11_0_arm64.whl", hash = "sha256:899a5ea9cd32b1b0880015fdceaa36a41140a8c2ce8621626c52f7023724aed6"},
    {file = "pymongo-4.13.0-cp312-cp312-manylinux_2_17_aarch64.manylinux2014_aarch64.whl", hash = "sha256:f0b26cd4e090161927b7a81741a3627a41b74265dfb41c6957bfb474504b4b42"},
    {file = "pymongo-4.13.0-cp312-cp312-manylinux_2_17_ppc64le.manylinux2014_ppc64le.whl", hash = "sha256:b54e19e0f6c8a7ad0c5074a8cbefb29c12267c784ceb9a1577a62bbc43150161"},
    {file = "pymongo-4.13.0-cp312-cp312-manylinux_2_17_s390x.manylinux2014_s390x.whl", hash = "sha256:6208b83e7d566935218c0837f3b74c7d2dda83804d5d843ce21a55f22255ab74"},
    {file = "pymongo-4.13.0-cp312-cp312-manylinux_2_17_x86_64.manylinux2014_x86_64.whl", hash = "sha256:3f33b8c1405d05517dce06756f2800b37dd098216cae5903cd80ad4f0a9dad08"},
    {file = "pymongo-4.13.0-cp312-cp312-manylinux_2_5_i686.manylinux1_i686.manylinux_2_17_i686.manylinux2014_i686.whl", hash = "sha256:02f0e1af87280697a1a8304238b863d4eee98c8b97f554ee456c3041c0f3a021"},
    {file = "pymongo-4.13.0-cp312-cp312-win32.whl", hash = "sha256:5dea2f6b44697eda38a11ef754d2adfff5373c51b1ffda00b9fedc5facbd605f"},
    {file = "pymongo-4.13.0-cp312-cp312-win_amd64.whl", hash = "sha256:c03e02129ad202d8e146480b398c4a3ea18266ee0754b6a4805de6baf4a6a8c7"},
    {file = "pymongo-4.13.0-cp313-cp313-macosx_10_13_x86_64.whl", hash = "sha256:92f5e75ae265e798be1a8a40a29e2ab934e156f3827ca0e1c47e69d43f4dcb31"},
    {file = "pymongo-4.13.0-cp313-cp313-macosx_11_0_arm64.whl", hash = "sha256:3d631d879e934b46222f5092d8951cbb9fe83542649697c8d342ea7b5479f118"},
    {file = "pymongo-4.13.0-cp313-cp313-manylinux_2_17_aarch64.manylinux2014_aarch64.whl", hash = "sha256:be048fb78e165243272a8cdbeb40d53eace82424b95417ab3ab6ec8e9b00c59b"},
    {file = "pymongo-4.13.0-cp313-cp313-manylinux_2_17_ppc64le.manylinux2014_ppc64le.whl", hash = "sha256:d81d159bd23d8ac53a6e819cccee991cb9350ab2541dfaa25aeb2f712d23b0a5"},
    {file = "pymongo-4.13.0-cp313-cp313-manylinux_2_17_s390x.manylinux2014_s390x.whl", hash = "sha256:8af08ba2886f08d334bc7e5d5c662c60ea2f16e813a2c35106f399463fa11087"},
    {file = "pymongo-4.13.0-cp313-cp313-manylinux_2_17_x86_64.manylinux2014_x86_64.whl", hash = "sha256:6b91f59137e46cd3ff17d5684a18e8006d65d0ee62eb1068b512262d1c2c5ae8"},
    {file = "pymongo-4.13.0-cp313-cp313-manylinux_2_5_i686.manylinux1_i686.manylinux_2_17_i686.manylinux2014_i686.whl", hash = "sha256:61733c8f1ded90ab671a08033ee99b837073c73e505b3b3b633a55a0326e77f4"},
    {file = "pymongo-4.13.0-cp313-cp313-win32.whl", hash = "sha256:d10d3967e87c21869f084af5716d02626a17f6f9ccc9379fcbece5821c2a9fb4"},
    {file = "pymongo-4.13.0-cp313-cp313-win_amd64.whl", hash = "sha256:a9fe172e93551ddfdb94b9ad34dccebc4b7b680dc1d131bc6bd661c4a5b2945c"},
    {file = "pymongo-4.13.0-cp313-cp313t-macosx_10_13_x86_64.whl", hash = "sha256:5adc1349fd5c94d5dfbcbd1ad9858d1df61945a07f5905dcf17bb62eb4c81f93"},
    {file = "pymongo-4.13.0-cp313-cp313t-macosx_11_0_arm64.whl", hash = "sha256:8e11ea726ff8ddc8c8393895cd7e93a57e2558c27273d3712797895c53d25692"},
    {file = "pymongo-4.13.0-cp313-cp313t-manylinux_2_17_aarch64.manylinux2014_aarch64.whl", hash = "sha256:c02160ab3a67eca393a2a2bb83dccddf4db2196d0d7c6a980a55157e4bdadc06"},
    {file = "pymongo-4.13.0-cp313-cp313t-manylinux_2_17_ppc64le.manylinux2014_ppc64le.whl", hash = "sha256:fca24e4df05501420b2ce2207c03f21fcbdfac1e3f41e312e61b8f416c5b4963"},
    {file = "pymongo-4.13.0-cp313-cp313t-manylinux_2_17_s390x.manylinux2014_s390x.whl", hash = "sha256:50c503b7e809e54740704ec4c87a0f2ccdb910c3b1d36c07dbd2029b6eaa6a50"},
    {file = "pymongo-4.13.0-cp313-cp313t-manylinux_2_17_x86_64.manylinux2014_x86_64.whl", hash = "sha256:66800de4f4487e7c437991b44bc1e717aadaf06e67451a760efe5cd81ce86575"},
    {file = "pymongo-4.13.0-cp313-cp313t-manylinux_2_5_i686.manylinux1_i686.manylinux_2_17_i686.manylinux2014_i686.whl", hash = "sha256:82c36928c1c26580ce4f2497a6875968636e87c77108ff253d76b1355181a405"},
    {file = "pymongo-4.13.0-cp313-cp313t-win32.whl", hash = "sha256:1397eac713b84946210ab556666cfdd787eee824e910fbbe661d147e110ec516"},
    {file = "pymongo-4.13.0-cp313-cp313t-win_amd64.whl", hash = "sha256:99a52cfbf31579cc63c926048cd0ada6f96c98c1c4c211356193e07418e6207c"},
    {file = "pymongo-4.13.0-cp39-cp39-macosx_10_9_x86_64.whl", hash = "sha256:267eff6a66da5cf5255b3bcd257984619e9c4d41a53578d4e1d827553a51cf40"},
    {file = "pymongo-4.13.0-cp39-cp39-macosx_11_0_arm64.whl", hash = "sha256:81b46d9bc62128c3d968336f8635bcfce33d8e9e1fc6be6ebdfb98effaccb9c7"},
    {file = "pymongo-4.13.0-cp39-cp39-manylinux_2_17_aarch64.manylinux2014_aarch64.whl", hash = "sha256:bd0c9322fdf1b9e8a5c99ca337bd9a99d972ba57c976e77b5017366ba26725e1"},
    {file = "pymongo-4.13.0-cp39-cp39-manylinux_2_17_ppc64le.manylinux2014_ppc64le.whl", hash = "sha256:d4b4942e5566a134fe34c03d7182a0b346e4a478defe625dc430dd5a178ad96e"},
    {file = "pymongo-4.13.0-cp39-cp39-manylinux_2_17_s390x.manylinux2014_s390x.whl", hash = "sha256:cef461fae88ac51cd6b3f81adf58171113c58c0e77c82c751b3bdcef516cfeb1"},
    {file = "pymongo-4.13.0-cp39-cp39-manylinux_2_17_x86_64.manylinux2014_x86_64.whl", hash = "sha256:fb780d9d284ffdf7922edd4a6d7ba08e54a6680f85f64f91fa9cc2617dd488b7"},
    {file = "pymongo-4.13.0-cp39-cp39-manylinux_2_5_i686.manylinux1_i686.manylinux_2_17_i686.manylinux2014_i686.whl", hash = "sha256:b2afe49109b4d498d8e55ac9692915f2a3fce0bd31646bb7ed41f9ab3546ca19"},
    {file = "pymongo-4.13.0-cp39-cp39-manylinux_2_5_i686.manylinux1_i686.whl", hash = "sha256:d9a1d7d49d0d364520894116133d017b6e0e2d5131eb31c8553552fa77a65085"},
    {file = "pymongo-4.13.0-cp39-cp39-manylinux_2_5_x86_64.manylinux1_x86_64.whl", hash = "sha256:d684d9b385d97ab821d2ae74628c81a8bd12a4e5004a3ded0ec8c20381d62d0e"},
    {file = "pymongo-4.13.0-cp39-cp39-win32.whl", hash = "sha256:bd23119f9d0358aa1f78174d2eda88ca5c882a722e25ca31197402278acddc6e"},
    {file = "pymongo-4.13.0-cp39-cp39-win_amd64.whl", hash = "sha256:e7d349066f4c229d638a30f1f53ec3a4aaf4a4fc568491bdf77e7415a96003fb"},
    {file = "pymongo-4.13.0.tar.gz", hash = "sha256:92a06e3709e3c7e50820d352d3d4e60015406bcba69808937dac2a6d22226fde"},
]

[package.dependencies]
dnspython = ">=1.16.0,<3.0.0"

[package.extras]
aws = ["pymongo-auth-aws (>=1.1.0,<2.0.0)"]
docs = ["furo (==2024.8.6)", "readthedocs-sphinx-search (>=0.3,<1.0)", "sphinx (>=5.3,<9)", "sphinx-autobuild (>=2020.9.1)", "sphinx-rtd-theme (>=2,<4)", "sphinxcontrib-shellcheck (>=1,<2)"]
encryption = ["certifi ; os_name == \"nt\" or sys_platform == \"darwin\"", "pymongo-auth-aws (>=1.1.0,<2.0.0)", "pymongocrypt (>=1.13.0,<2.0.0)"]
gssapi = ["pykerberos ; os_name != \"nt\"", "winkerberos (>=0.5.0) ; os_name == \"nt\""]
ocsp = ["certifi ; os_name == \"nt\" or sys_platform == \"darwin\"", "cryptography (>=2.5)", "pyopenssl (>=17.2.0)", "requests (<3.0.0)", "service-identity (>=18.1.0)"]
snappy = ["python-snappy"]
test = ["pytest (>=8.2)", "pytest-asyncio (>=0.24.0)"]
zstd = ["zstandard"]

[[package]]
name = "pytest"
version = "7.4.4"
description = "pytest: simple powerful testing with Python"
optional = false
python-versions = ">=3.7"
groups = ["main"]
files = [
    {file = "pytest-7.4.4-py3-none-any.whl", hash = "sha256:b090cdf5ed60bf4c45261be03239c2c1c22df034fbffe691abe93cd80cea01d8"},
    {file = "pytest-7.4.4.tar.gz", hash = "sha256:2cf0005922c6ace4a3e2ec8b4080eb0d9753fdc93107415332f50ce9e7994280"},
]

[package.dependencies]
colorama = {version = "*", markers = "sys_platform == \"win32\""}
iniconfig = "*"
packaging = "*"
pluggy = ">=0.12,<2.0"

[package.extras]
testing = ["argcomplete", "attrs (>=19.2.0)", "hypothesis (>=3.56)", "mock", "nose", "pygments (>=2.7.2)", "requests", "setuptools", "xmlschema"]

[[package]]
name = "python-decouple"
version = "3.8"
description = "Strict separation of settings from code."
optional = false
python-versions = "*"
groups = ["main"]
files = [
    {file = "python-decouple-3.8.tar.gz", hash = "sha256:ba6e2657d4f376ecc46f77a3a615e058d93ba5e465c01bbe57289bfb7cce680f"},
    {file = "python_decouple-3.8-py3-none-any.whl", hash = "sha256:d0d45340815b25f4de59c974b855bb38d03151d81b037d9e3f463b0c9f8cbd66"},
]

[[package]]
name = "python-dotenv"
version = "1.1.0"
description = "Read key-value pairs from a .env file and set them as environment variables"
optional = false
python-versions = ">=3.9"
groups = ["main"]
files = [
    {file = "python_dotenv-1.1.0-py3-none-any.whl", hash = "sha256:d7c01d9e2293916c18baf562d95698754b0dbbb5e74d457c45d4f6561fb9d55d"},
    {file = "python_dotenv-1.1.0.tar.gz", hash = "sha256:41f90bc6f5f177fb41f53e87666db362025010eb28f60a01c9143bfa33a2b2d5"},
]

[package.extras]
cli = ["click (>=5.0)"]

[[package]]
name = "win32-setctime"
version = "1.2.0"
description = "A small Python utility to set file creation time on Windows"
optional = false
python-versions = ">=3.5"
groups = ["main"]
markers = "sys_platform == \"win32\""
files = [
    {file = "win32_setctime-1.2.0-py3-none-any.whl", hash = "sha256:95d644c4e708aba81dc3704a116d8cbc974d70b3bdb8be1d150e36be6e9d1390"},
    {file = "win32_setctime-1.2.0.tar.gz", hash = "sha256:ae1fdf948f5640aae05c511ade119313fb6a30d7eabe25fef9764dca5873c4c0"},
]

[package.extras]
dev = ["black (>=19.3b0) ; python_version >= \"3.6\"", "pytest (>=4.6.2)"]

[metadata]
lock-version = "2.1"
python-versions = "^3.11,<3.12"
content-hash = "8899a9ccebebed0246bb037e660303f4df8925e9dea932b6b5662a52afae588b"
